
Microsoft Visual Studio Solution File, Format Version 12.00
# Visual Studio Version 16
VisualStudioVersion = 25.0.1700.0
MinimumVisualStudioVersion = 10.0.40219.1
Project("{FAE04EC0-301F-11D3-BF4B-00C04F79EFBC}") = "vetquestions", "vetquestions\vetquestions.csproj", "{8ABAFD87-9E75-4E63-807E-8E40D0F4444D}"
EndProject
Global
	GlobalSection(SolutionConfigurationPlatforms) = preSolution
		Debug|Any CPU = Debug|Any CPU
		Release|Any CPU = Release|Any CPU
	EndGlobalSection
	GlobalSection(ProjectConfigurationPlatforms) = postSolution
		{8ABAFD87-9E75-4E63-807E-8E40D0F4444D}.Debug|Any CPU.ActiveCfg = Debug|Any CPU
		{8ABAFD87-9E75-4E63-807E-8E40D0F4444D}.Debug|Any CPU.Build.0 = Debug|Any CPU
		{8ABAFD87-9E75-4E63-807E-8E40D0F4444D}.Release|Any CPU.ActiveCfg = Release|Any CPU
		{8ABAFD87-9E75-4E63-807E-8E40D0F4444D}.Release|Any CPU.Build.0 = Release|Any CPU
	EndGlobalSection
	GlobalSection(SolutionProperties) = preSolution
		HideSolutionNode = FALSE
	EndGlobalSection
	GlobalSection(ExtensibilityGlobals) = postSolution
		SolutionGuid = {F375CAE0-17F6-4AD5-9440-128B81F020DD}
	EndGlobalSection
EndGlobal
